
Microsoft Visual Studio Solution File, Format Version 12.00
# Visual Studio Version 16
VisualStudioVersion = 16.0.30225.117
MinimumVisualStudioVersion = 10.0.40219.1
Project("{9A19103F-16F7-4668-BE54-9A1E7A4F7556}") = "RestoGuide", "RestoGuide\RestoGuide.csproj", "{4FE73498-E5BB-4EF0-904E-ACFB85A55C1F}"
EndProject
Project("{9A19103F-16F7-4668-BE54-9A1E7A4F7556}") = "RestoGuide.Entities", "RestoGuide.Models\RestoGuide.Entities.csproj", "{0B4B5DD3-568E-4487-BF18-C6C586FA2290}"
EndProject
Project("{9A19103F-16F7-4668-BE54-9A1E7A4F7556}") = "RestoGuide.DAL", "RestoGuide.DAL\RestoGuide.DAL.csproj", "{F82EF9E8-16A6-48A9-B8FC-BF157C8B72F7}"
EndProject
Global
	GlobalSection(SolutionConfigurationPlatforms) = preSolution
		Debug|Any CPU = Debug|Any CPU
		Release|Any CPU = Release|Any CPU
	EndGlobalSection
	GlobalSection(ProjectConfigurationPlatforms) = postSolution
		{4FE73498-E5BB-4EF0-904E-ACFB85A55C1F}.Debug|Any CPU.ActiveCfg = Debug|Any CPU
		{4FE73498-E5BB-4EF0-904E-ACFB85A55C1F}.Debug|Any CPU.Build.0 = Debug|Any CPU
		{4FE73498-E5BB-4EF0-904E-ACFB85A55C1F}.Release|Any CPU.ActiveCfg = Release|Any CPU
		{4FE73498-E5BB-4EF0-904E-ACFB85A55C1F}.Release|Any CPU.Build.0 = Release|Any CPU
		{0B4B5DD3-568E-4487-BF18-C6C586FA2290}.Debug|Any CPU.ActiveCfg = Debug|Any CPU
		{0B4B5DD3-568E-4487-BF18-C6C586FA2290}.Debug|Any CPU.Build.0 = Debug|Any CPU
		{0B4B5DD3-568E-4487-BF18-C6C586FA2290}.Release|Any CPU.ActiveCfg = Release|Any CPU
		{0B4B5DD3-568E-4487-BF18-C6C586FA2290}.Release|Any CPU.Build.0 = Release|Any CPU
		{F82EF9E8-16A6-48A9-B8FC-BF157C8B72F7}.Debug|Any CPU.ActiveCfg = Debug|Any CPU
		{F82EF9E8-16A6-48A9-B8FC-BF157C8B72F7}.Debug|Any CPU.Build.0 = Debug|Any CPU
		{F82EF9E8-16A6-48A9-B8FC-BF157C8B72F7}.Release|Any CPU.ActiveCfg = Release|Any CPU
		{F82EF9E8-16A6-48A9-B8FC-BF157C8B72F7}.Release|Any CPU.Build.0 = Release|Any CPU
	EndGlobalSection
	GlobalSection(SolutionProperties) = preSolution
		HideSolutionNode = FALSE
	EndGlobalSection
	GlobalSection(ExtensibilityGlobals) = postSolution
		SolutionGuid = {D069469F-0093-49E6-A7D5-41C63F7A9E6E}
	EndGlobalSection
EndGlobal
